
Microsoft Visual Studio Solution File, Format Version 12.00
# Visual Studio 2013
VisualStudioVersion = 12.0.40629.0
MinimumVisualStudioVersion = 10.0.40219.1
Project("{8BC9CEB8-8B4A-11D0-8D11-00A0C91BC942}") = "01-Block", "01-Block\01-Block.vcxproj", "{01079F81-A732-4C6C-B787-2926A6403353}"
EndProject
Project("{8BC9CEB8-8B4A-11D0-8D11-00A0C91BC942}") = "02-Bounce", "02-Bounce\02-Bounce.vcxproj", "{D80322F3-3769-42D2-B883-3F37BF4DB37A}"
EndProject
Project("{8BC9CEB8-8B4A-11D0-8D11-00A0C91BC942}") = "02-Move", "02-Move\02-Move.vcxproj", "{D86D1BF0-F3A1-40D1-AB70-40A8ECA079B4}"
EndProject
Project("{8BC9CEB8-8B4A-11D0-8D11-00A0C91BC942}") = "03-Triangle", "03-Triangle\03-Triangle.vcxproj", "{1C2EC71C-FFE3-4DCE-8DB1-C7616AC0A7E5}"
EndProject
Project("{8BC9CEB8-8B4A-11D0-8D11-00A0C91BC942}") = "03-Blending", "03-Blending\03-Blending.vcxproj", "{66B5805C-9A7E-4143-97FD-AF9F32F8DD96}"
EndProject
Project("{8BC9CEB8-8B4A-11D0-8D11-00A0C91BC942}") = "03-GeoTest", "03-GeoTest\03-GeoTest.vcxproj", "{9E811BA3-60EF-4BE3-96A4-5097AC6F0622}"
EndProject
Project("{8BC9CEB8-8B4A-11D0-8D11-00A0C91BC942}") = "03-Primitives", "03-Primitives\03-Primitives.vcxproj", "{89055B96-4A42-4F55-9A62-6C26896170F4}"
EndProject
Project("{8BC9CEB8-8B4A-11D0-8D11-00A0C91BC942}") = "03-Scissor", "03-Scissor\03-Scissor.vcxproj", "{FFC49FFA-EF9D-460E-84F1-008809ED603A}"
EndProject
Project("{8BC9CEB8-8B4A-11D0-8D11-00A0C91BC942}") = "03-Smoother", "03-Smoother\03-Smoother.vcxproj", "{AE2A3FF9-89A2-49D5-BBF0-702E6F1E3FDE}"
EndProject
Project("{8BC9CEB8-8B4A-11D0-8D11-00A0C91BC942}") = "04-Move", "04-Move\04-Move.vcxproj", "{7051671C-0451-45E8-A1BA-EEF6B9430730}"
EndProject
Project("{8BC9CEB8-8B4A-11D0-8D11-00A0C91BC942}") = "04-ModelViewProjection", "04-ModelViewProjection\04-ModelViewProjection.vcxproj", "{EC0877D8-AA87-4218-83B8-462573435F61}"
EndProject
Project("{8BC9CEB8-8B4A-11D0-8D11-00A0C91BC942}") = "04-Objects", "04-Objects\04-Objects.vcxproj", "{CC2CAD53-DBE0-46DE-AF42-F441D98AAEF0}"
EndProject
Project("{8BC9CEB8-8B4A-11D0-8D11-00A0C91BC942}") = "04-OrthoGraphic", "04-OrthoGraphic\04-OrthoGraphic.vcxproj", "{702A8ACA-1702-4A37-8BB9-E134B54482EC}"
EndProject
Project("{8BC9CEB8-8B4A-11D0-8D11-00A0C91BC942}") = "04-Perspective", "04-Perspective\04-Perspective.vcxproj", "{4D17E4F6-9CB9-4411-9993-F5033618E183}"
EndProject
Project("{8BC9CEB8-8B4A-11D0-8D11-00A0C91BC942}") = "04-SphereWorld", "04-SphereWorld\04-SphereWorld.vcxproj", "{F35C5899-809D-4847-9D5E-E97164F279F4}"
EndProject
Project("{8BC9CEB8-8B4A-11D0-8D11-00A0C91BC942}") = "04-SphereWorld2", "04-SphereWorld2\04-SphereWorld2.vcxproj", "{B7A38698-9EA9-401D-8CEA-C8313811445F}"
EndProject
Project("{8BC9CEB8-8B4A-11D0-8D11-00A0C91BC942}") = "04-SphereWorld3", "04-SphereWorld3\04-SphereWorld3.vcxproj", "{5E6C501B-D480-42DB-974F-56917B638ED2}"
EndProject
Project("{8BC9CEB8-8B4A-11D0-8D11-00A0C91BC942}") = "04-SphereWorld4", "04-SphereWorld4\04-SphereWorld4.vcxproj", "{4324EF0F-74EF-4250-A6B3-A5B3B9772678}"
EndProject
Project("{8BC9CEB8-8B4A-11D0-8D11-00A0C91BC942}") = "05-Anisotropic", "05-Anisotropic\05-Anisotropic.vcxproj", "{EEB928C7-2C3D-4161-BC0E-F04788E15265}"
EndProject
Project("{8BC9CEB8-8B4A-11D0-8D11-00A0C91BC942}") = "05-Pyramid", "05-Pyramid\05-Pyramid.vcxproj", "{41AA30A7-D5AB-4BE1-A8C9-404F8074257B}"
EndProject
Project("{8BC9CEB8-8B4A-11D0-8D11-00A0C91BC942}") = "05-SphereWorld", "05-SphereWorld\05-SphereWorld.vcxproj", "{40332EBE-3189-48E0-8BE3-00DEAF2D872D}"
EndProject
Project("{8BC9CEB8-8B4A-11D0-8D11-00A0C91BC942}") = "05-Tunnel", "05-Tunnel\05-Tunnel.vcxproj", "{5EA56537-D843-445C-9E43-862CB5D4C5AE}"
EndProject
Project("{8BC9CEB8-8B4A-11D0-8D11-00A0C91BC942}") = "08-fbo_drawbuffers", "08-fbo_drawbuffers\08-fbo_drawbuffers.vcxproj", "{A2B5CC14-B336-4387-B061-A5CAD0A7E0A5}"
EndProject
Project("{8BC9CEB8-8B4A-11D0-8D11-00A0C91BC942}") = "10-oit", "10-oit\10-oit.vcxproj", "{F104EA9F-4485-4791-8055-CA2C3D63D46F}"
EndProject
Project("{8BC9CEB8-8B4A-11D0-8D11-00A0C91BC942}") = "12-sbmviewer", "12-sbmviewer\12-sbmviewer.vcxproj", "{A573B02E-FFDE-44D7-9B2D-E5B4C2703E3F}"
EndProject
Project("{8BC9CEB8-8B4A-11D0-8D11-00A0C91BC942}") = "15-GLXBasics", "15-GLXBasics\15-GLXBasics.vcxproj", "{FD1C026A-4724-4782-B911-ECAA049D2A6C}"
EndProject
Project("{8BC9CEB8-8B4A-11D0-8D11-00A0C91BC942}") = "07-MultiTexture", "07-MultiTexture\07-MultiTexture.vcxproj", "{1DE7B4B8-1F5F-421D-A601-B75198527508}"
EndProject
Global
	GlobalSection(SolutionConfigurationPlatforms) = preSolution
		Debug|Win32 = Debug|Win32
		Release|Win32 = Release|Win32
	EndGlobalSection
	GlobalSection(ProjectConfigurationPlatforms) = postSolution
		{01079F81-A732-4C6C-B787-2926A6403353}.Debug|Win32.ActiveCfg = Debug|Win32
		{01079F81-A732-4C6C-B787-2926A6403353}.Debug|Win32.Build.0 = Debug|Win32
		{01079F81-A732-4C6C-B787-2926A6403353}.Release|Win32.ActiveCfg = Release|Win32
		{01079F81-A732-4C6C-B787-2926A6403353}.Release|Win32.Build.0 = Release|Win32
		{D80322F3-3769-42D2-B883-3F37BF4DB37A}.Debug|Win32.ActiveCfg = Debug|Win32
		{D80322F3-3769-42D2-B883-3F37BF4DB37A}.Debug|Win32.Build.0 = Debug|Win32
		{D80322F3-3769-42D2-B883-3F37BF4DB37A}.Release|Win32.ActiveCfg = Release|Win32
		{D80322F3-3769-42D2-B883-3F37BF4DB37A}.Release|Win32.Build.0 = Release|Win32
		{D86D1BF0-F3A1-40D1-AB70-40A8ECA079B4}.Debug|Win32.ActiveCfg = Debug|Win32
		{D86D1BF0-F3A1-40D1-AB70-40A8ECA079B4}.Debug|Win32.Build.0 = Debug|Win32
		{D86D1BF0-F3A1-40D1-AB70-40A8ECA079B4}.Release|Win32.ActiveCfg = Release|Win32
		{D86D1BF0-F3A1-40D1-AB70-40A8ECA079B4}.Release|Win32.Build.0 = Release|Win32
		{1C2EC71C-FFE3-4DCE-8DB1-C7616AC0A7E5}.Debug|Win32.ActiveCfg = Debug|Win32
		{1C2EC71C-FFE3-4DCE-8DB1-C7616AC0A7E5}.Debug|Win32.Build.0 = Debug|Win32
		{1C2EC71C-FFE3-4DCE-8DB1-C7616AC0A7E5}.Release|Win32.ActiveCfg = Release|Win32
		{1C2EC71C-FFE3-4DCE-8DB1-C7616AC0A7E5}.Release|Win32.Build.0 = Release|Win32
		{66B5805C-9A7E-4143-97FD-AF9F32F8DD96}.Debug|Win32.ActiveCfg = Debug|Win32
		{66B5805C-9A7E-4143-97FD-AF9F32F8DD96}.Debug|Win32.Build.0 = Debug|Win32
		{66B5805C-9A7E-4143-97FD-AF9F32F8DD96}.Release|Win32.ActiveCfg = Release|Win32
		{66B5805C-9A7E-4143-97FD-AF9F32F8DD96}.Release|Win32.Build.0 = Release|Win32
		{9E811BA3-60EF-4BE3-96A4-5097AC6F0622}.Debug|Win32.ActiveCfg = Debug|Win32
		{9E811BA3-60EF-4BE3-96A4-5097AC6F0622}.Debug|Win32.Build.0 = Debug|Win32
		{9E811BA3-60EF-4BE3-96A4-5097AC6F0622}.Release|Win32.ActiveCfg = Release|Win32
		{9E811BA3-60EF-4BE3-96A4-5097AC6F0622}.Release|Win32.Build.0 = Release|Win32
		{89055B96-4A42-4F55-9A62-6C26896170F4}.Debug|Win32.ActiveCfg = Debug|Win32
		{89055B96-4A42-4F55-9A62-6C26896170F4}.Debug|Win32.Build.0 = Debug|Win32
		{89055B96-4A42-4F55-9A62-6C26896170F4}.Release|Win32.ActiveCfg = Release|Win32
		{89055B96-4A42-4F55-9A62-6C26896170F4}.Release|Win32.Build.0 = Release|Win32
		{FFC49FFA-EF9D-460E-84F1-008809ED603A}.Debug|Win32.ActiveCfg = Debug|Win32
		{FFC49FFA-EF9D-460E-84F1-008809ED603A}.Debug|Win32.Build.0 = Debug|Win32
		{FFC49FFA-EF9D-460E-84F1-008809ED603A}.Release|Win32.ActiveCfg = Release|Win32
		{FFC49FFA-EF9D-460E-84F1-008809ED603A}.Release|Win32.Build.0 = Release|Win32
		{AE2A3FF9-89A2-49D5-BBF0-702E6F1E3FDE}.Debug|Win32.ActiveCfg = Debug|Win32
		{AE2A3FF9-89A2-49D5-BBF0-702E6F1E3FDE}.Debug|Win32.Build.0 = Debug|Win32
		{AE2A3FF9-89A2-49D5-BBF0-702E6F1E3FDE}.Release|Win32.ActiveCfg = Release|Win32
		{AE2A3FF9-89A2-49D5-BBF0-702E6F1E3FDE}.Release|Win32.Build.0 = Release|Win32
		{7051671C-0451-45E8-A1BA-EEF6B9430730}.Debug|Win32.ActiveCfg = Debug|Win32
		{7051671C-0451-45E8-A1BA-EEF6B9430730}.Debug|Win32.Build.0 = Debug|Win32
		{7051671C-0451-45E8-A1BA-EEF6B9430730}.Release|Win32.ActiveCfg = Release|Win32
		{7051671C-0451-45E8-A1BA-EEF6B9430730}.Release|Win32.Build.0 = Release|Win32
		{EC0877D8-AA87-4218-83B8-462573435F61}.Debug|Win32.ActiveCfg = Debug|Win32
		{EC0877D8-AA87-4218-83B8-462573435F61}.Debug|Win32.Build.0 = Debug|Win32
		{EC0877D8-AA87-4218-83B8-462573435F61}.Release|Win32.ActiveCfg = Release|Win32
		{EC0877D8-AA87-4218-83B8-462573435F61}.Release|Win32.Build.0 = Release|Win32
		{CC2CAD53-DBE0-46DE-AF42-F441D98AAEF0}.Debug|Win32.ActiveCfg = Debug|Win32
		{CC2CAD53-DBE0-46DE-AF42-F441D98AAEF0}.Debug|Win32.Build.0 = Debug|Win32
		{CC2CAD53-DBE0-46DE-AF42-F441D98AAEF0}.Release|Win32.ActiveCfg = Release|Win32
		{CC2CAD53-DBE0-46DE-AF42-F441D98AAEF0}.Release|Win32.Build.0 = Release|Win32
		{702A8ACA-1702-4A37-8BB9-E134B54482EC}.Debug|Win32.ActiveCfg = Debug|Win32
		{702A8ACA-1702-4A37-8BB9-E134B54482EC}.Debug|Win32.Build.0 = Debug|Win32
		{702A8ACA-1702-4A37-8BB9-E134B54482EC}.Release|Win32.ActiveCfg = Release|Win32
		{702A8ACA-1702-4A37-8BB9-E134B54482EC}.Release|Win32.Build.0 = Release|Win32
		{4D17E4F6-9CB9-4411-9993-F5033618E183}.Debug|Win32.ActiveCfg = Debug|Win32
		{4D17E4F6-9CB9-4411-9993-F5033618E183}.Debug|Win32.Build.0 = Debug|Win32
		{4D17E4F6-9CB9-4411-9993-F5033618E183}.Release|Win32.ActiveCfg = Release|Win32
		{4D17E4F6-9CB9-4411-9993-F5033618E183}.Release|Win32.Build.0 = Release|Win32
		{F35C5899-809D-4847-9D5E-E97164F279F4}.Debug|Win32.ActiveCfg = Debug|Win32
		{F35C5899-809D-4847-9D5E-E97164F279F4}.Debug|Win32.Build.0 = Debug|Win32
		{F35C5899-809D-4847-9D5E-E97164F279F4}.Release|Win32.ActiveCfg = Release|Win32
		{F35C5899-809D-4847-9D5E-E97164F279F4}.Release|Win32.Build.0 = Release|Win32
		{B7A38698-9EA9-401D-8CEA-C8313811445F}.Debug|Win32.ActiveCfg = Debug|Win32
		{B7A38698-9EA9-401D-8CEA-C8313811445F}.Debug|Win32.Build.0 = Debug|Win32
		{B7A38698-9EA9-401D-8CEA-C8313811445F}.Release|Win32.ActiveCfg = Release|Win32
		{B7A38698-9EA9-401D-8CEA-C8313811445F}.Release|Win32.Build.0 = Release|Win32
		{5E6C501B-D480-42DB-974F-56917B638ED2}.Debug|Win32.ActiveCfg = Debug|Win32
		{5E6C501B-D480-42DB-974F-56917B638ED2}.Debug|Win32.Build.0 = Debug|Win32
		{5E6C501B-D480-42DB-974F-56917B638ED2}.Release|Win32.ActiveCfg = Release|Win32
		{5E6C501B-D480-42DB-974F-56917B638ED2}.Release|Win32.Build.0 = Release|Win32
		{4324EF0F-74EF-4250-A6B3-A5B3B9772678}.Debug|Win32.ActiveCfg = Debug|Win32
		{4324EF0F-74EF-4250-A6B3-A5B3B9772678}.Debug|Win32.Build.0 = Debug|Win32
		{4324EF0F-74EF-4250-A6B3-A5B3B9772678}.Release|Win32.ActiveCfg = Release|Win32
		{4324EF0F-74EF-4250-A6B3-A5B3B9772678}.Release|Win32.Build.0 = Release|Win32
		{EEB928C7-2C3D-4161-BC0E-F04788E15265}.Debug|Win32.ActiveCfg = Debug|Win32
		{EEB928C7-2C3D-4161-BC0E-F04788E15265}.Debug|Win32.Build.0 = Debug|Win32
		{EEB928C7-2C3D-4161-BC0E-F04788E15265}.Release|Win32.ActiveCfg = Release|Win32
		{EEB928C7-2C3D-4161-BC0E-F04788E15265}.Release|Win32.Build.0 = Release|Win32
		{41AA30A7-D5AB-4BE1-A8C9-404F8074257B}.Debug|Win32.ActiveCfg = Debug|Win32
		{41AA30A7-D5AB-4BE1-A8C9-404F8074257B}.Debug|Win32.Build.0 = Debug|Win32
		{41AA30A7-D5AB-4BE1-A8C9-404F8074257B}.Release|Win32.ActiveCfg = Release|Win32
		{41AA30A7-D5AB-4BE1-A8C9-404F8074257B}.Release|Win32.Build.0 = Release|Win32
		{40332EBE-3189-48E0-8BE3-00DEAF2D872D}.Debug|Win32.ActiveCfg = Debug|Win32
		{40332EBE-3189-48E0-8BE3-00DEAF2D872D}.Debug|Win32.Build.0 = Debug|Win32
		{40332EBE-3189-48E0-8BE3-00DEAF2D872D}.Release|Win32.ActiveCfg = Release|Win32
		{40332EBE-3189-48E0-8BE3-00DEAF2D872D}.Release|Win32.Build.0 = Release|Win32
		{5EA56537-D843-445C-9E43-862CB5D4C5AE}.Debug|Win32.ActiveCfg = Debug|Win32
		{5EA56537-D843-445C-9E43-862CB5D4C5AE}.Debug|Win32.Build.0 = Debug|Win32
		{5EA56537-D843-445C-9E43-862CB5D4C5AE}.Release|Win32.ActiveCfg = Release|Win32
		{5EA56537-D843-445C-9E43-862CB5D4C5AE}.Release|Win32.Build.0 = Release|Win32
		{A2B5CC14-B336-4387-B061-A5CAD0A7E0A5}.Debug|Win32.ActiveCfg = Debug|Win32
		{A2B5CC14-B336-4387-B061-A5CAD0A7E0A5}.Debug|Win32.Build.0 = Debug|Win32
		{A2B5CC14-B336-4387-B061-A5CAD0A7E0A5}.Release|Win32.ActiveCfg = Release|Win32
		{A2B5CC14-B336-4387-B061-A5CAD0A7E0A5}.Release|Win32.Build.0 = Release|Win32
		{F104EA9F-4485-4791-8055-CA2C3D63D46F}.Debug|Win32.ActiveCfg = Debug|Win32
		{F104EA9F-4485-4791-8055-CA2C3D63D46F}.Debug|Win32.Build.0 = Debug|Win32
		{F104EA9F-4485-4791-8055-CA2C3D63D46F}.Release|Win32.ActiveCfg = Release|Win32
		{F104EA9F-4485-4791-8055-CA2C3D63D46F}.Release|Win32.Build.0 = Release|Win32
		{A573B02E-FFDE-44D7-9B2D-E5B4C2703E3F}.Debug|Win32.ActiveCfg = Debug|Win32
		{A573B02E-FFDE-44D7-9B2D-E5B4C2703E3F}.Debug|Win32.Build.0 = Debug|Win32
		{A573B02E-FFDE-44D7-9B2D-E5B4C2703E3F}.Release|Win32.ActiveCfg = Release|Win32
		{A573B02E-FFDE-44D7-9B2D-E5B4C2703E3F}.Release|Win32.Build.0 = Release|Win32
		{FD1C026A-4724-4782-B911-ECAA049D2A6C}.Debug|Win32.ActiveCfg = Debug|Win32
		{FD1C026A-4724-4782-B911-ECAA049D2A6C}.Debug|Win32.Build.0 = Debug|Win32
		{FD1C026A-4724-4782-B911-ECAA049D2A6C}.Release|Win32.ActiveCfg = Release|Win32
		{FD1C026A-4724-4782-B911-ECAA049D2A6C}.Release|Win32.Build.0 = Release|Win32
		{1DE7B4B8-1F5F-421D-A601-B75198527508}.Debug|Win32.ActiveCfg = Debug|Win32
		{1DE7B4B8-1F5F-421D-A601-B75198527508}.Debug|Win32.Build.0 = Debug|Win32
		{1DE7B4B8-1F5F-421D-A601-B75198527508}.Release|Win32.ActiveCfg = Release|Win32
		{1DE7B4B8-1F5F-421D-A601-B75198527508}.Release|Win32.Build.0 = Release|Win32
	EndGlobalSection
	GlobalSection(SolutionProperties) = preSolution
		HideSolutionNode = FALSE
	EndGlobalSection
EndGlobal
